
Microsoft Visual Studio Solution File, Format Version 12.00
# Visual Studio Version 17
VisualStudioVersion = 17.6.33723.286
MinimumVisualStudioVersion = 10.0.40219.1
Project("{9A19103F-16F7-4668-BE54-9A1E7A4F7556}") = "ProductInventoryAPI", "ProductInventoryAPI\ProductInventoryAPI.csproj", "{6F31200D-DF0C-409F-8BCE-2BE14282489C}"
EndProject
Global
	GlobalSection(SolutionConfigurationPlatforms) = preSolution
		Debug|Any CPU = Debug|Any CPU
		Release|Any CPU = Release|Any CPU
	EndGlobalSection
	GlobalSection(ProjectConfigurationPlatforms) = postSolution
		{6F31200D-DF0C-409F-8BCE-2BE14282489C}.Debug|Any CPU.ActiveCfg = Debug|Any CPU
		{6F31200D-DF0C-409F-8BCE-2BE14282489C}.Debug|Any CPU.Build.0 = Debug|Any CPU
		{6F31200D-DF0C-409F-8BCE-2BE14282489C}.Release|Any CPU.ActiveCfg = Release|Any CPU
		{6F31200D-DF0C-409F-8BCE-2BE14282489C}.Release|Any CPU.Build.0 = Release|Any CPU
	EndGlobalSection
	GlobalSection(SolutionProperties) = preSolution
		HideSolutionNode = FALSE
	EndGlobalSection
	GlobalSection(ExtensibilityGlobals) = postSolution
		SolutionGuid = {FFAD40D6-5B9E-433E-B7DC-6DDB6E1B32D9}
	EndGlobalSection
EndGlobal
